
Microsoft Visual Studio Solution File, Format Version 12.00
# Visual Studio Version 16
VisualStudioVersion = 16.0.32105.279
MinimumVisualStudioVersion = 10.0.40219.1
Project("{FAE04EC0-301F-11D3-BF4B-00C04F79EFBC}") = "Tabs", "CIONowTeamsApp\Tabs\Tabs.csproj", "{C60755A9-7DB4-4F5C-A18A-ED786F9A227B}"
EndProject
Project("{FAE04EC0-301F-11D3-BF4B-00C04F79EFBC}") = "Service", "CIONowTeamsApp\Service\Service.csproj", "{410B39C7-0157-4411-B190-BBA238C979DA}"
EndProject
Project("{2150E333-8FDC-42A3-9474-1A3956D46DE8}") = ".publish", ".publish", "{2C422B11-C8D0-4DBC-82DD-A20B21E338DA}"
	ProjectSection(SolutionItems) = preProject
		CIONowTeamsApp\.publish\color.png = CIONowTeamsApp\.publish\color.png
		CIONowTeamsApp\.publish\development.json = CIONowTeamsApp\.publish\development.json
		CIONowTeamsApp\.publish\outline.png = CIONowTeamsApp\.publish\outline.png
		CIONowTeamsApp\.publish\production.json = CIONowTeamsApp\.publish\production.json
		CIONowTeamsApp\.publish\README.md = CIONowTeamsApp\.publish\README.md
	EndProjectSection
EndProject
Global
	GlobalSection(SolutionConfigurationPlatforms) = preSolution
		Debug|Any CPU = Debug|Any CPU
		Deploy|Any CPU = Deploy|Any CPU
		Release|Any CPU = Release|Any CPU
	EndGlobalSection
	GlobalSection(ProjectConfigurationPlatforms) = postSolution
		{C60755A9-7DB4-4F5C-A18A-ED786F9A227B}.Debug|Any CPU.ActiveCfg = Debug|Any CPU
		{C60755A9-7DB4-4F5C-A18A-ED786F9A227B}.Debug|Any CPU.Build.0 = Debug|Any CPU
		{C60755A9-7DB4-4F5C-A18A-ED786F9A227B}.Deploy|Any CPU.ActiveCfg = Deploy|Any CPU
		{C60755A9-7DB4-4F5C-A18A-ED786F9A227B}.Deploy|Any CPU.Build.0 = Deploy|Any CPU
		{C60755A9-7DB4-4F5C-A18A-ED786F9A227B}.Release|Any CPU.ActiveCfg = Release|Any CPU
		{C60755A9-7DB4-4F5C-A18A-ED786F9A227B}.Release|Any CPU.Build.0 = Release|Any CPU
		{410B39C7-0157-4411-B190-BBA238C979DA}.Debug|Any CPU.ActiveCfg = Debug|Any CPU
		{410B39C7-0157-4411-B190-BBA238C979DA}.Debug|Any CPU.Build.0 = Debug|Any CPU
		{410B39C7-0157-4411-B190-BBA238C979DA}.Deploy|Any CPU.ActiveCfg = Deploy|Any CPU
		{410B39C7-0157-4411-B190-BBA238C979DA}.Deploy|Any CPU.Build.0 = Deploy|Any CPU
		{410B39C7-0157-4411-B190-BBA238C979DA}.Release|Any CPU.ActiveCfg = Release|Any CPU
		{410B39C7-0157-4411-B190-BBA238C979DA}.Release|Any CPU.Build.0 = Release|Any CPU
	EndGlobalSection
	GlobalSection(SolutionProperties) = preSolution
		HideSolutionNode = FALSE
	EndGlobalSection
	GlobalSection(ExtensibilityGlobals) = postSolution
		SolutionGuid = {906976F2-CA6A-4D9E-8164-6C146F547A71}
	EndGlobalSection
EndGlobal
